PODS:
  - JTAppleCalendar (4.1.4)

DEPENDENCIES:
  - JTAppleCalendar (from `https://github.com/patchthecode/JTAppleCalendar.git`)

EXTERNAL SOURCES:
  JTAppleCalendar:
    :git: https://github.com/patchthecode/JTAppleCalendar.git

CHECKOUT OPTIONS:
  JTAppleCalendar:
    :commit: 1eb8f58a726b788ff273aa4a17b5d2dba7f1ad72
    :git: https://github.com/patchthecode/JTAppleCalendar.git

SPEC CHECKSUMS:
  JTAppleCalendar: b0fb62831144ed0e9f3fdcd391660426d9f24bc5

PODFILE CHECKSUM: 3faa43a47ea4947dc86b31084a20f842d652703c

COCOAPODS: 1.0.1
