PODS:
  - JTAppleCalendar (5.0.1)

DEPENDENCIES:
  - JTAppleCalendar (from `https://github.com/patchthecode/JTAppleCalendar.git`, branch `Swift3`)

EXTERNAL SOURCES:
  JTAppleCalendar:
    :branch: Swift3
    :git: https://github.com/patchthecode/JTAppleCalendar.git

CHECKOUT OPTIONS:
  JTAppleCalendar:
    :commit: 87d164c928c7296a31523208c09f51d33e74b118
    :git: https://github.com/patchthecode/JTAppleCalendar.git

SPEC CHECKSUMS:
  JTAppleCalendar: cb2417b1f3367d1993e31720a663646742139a5c

PODFILE CHECKSUM: ef9acb2957887019db9649d2d7b38fc65acac9d9

COCOAPODS: 1.0.1
