// !$*UTF8*$!
{
	archiveVersion = 1;
	classes = {
	};
	objectVersion = 46;
	objects = {

/* Begin PBXBuildFile section */
		737D15419C9BBF6036AE48C1 /* Pods_TDC.framework in Frameworks */ = {isa = PBXBuildFile; fileRef = CE9F885E76E5EE368AE10126 /* Pods_TDC.framework */; };
		C33B79F41D617F9200452E0B /* AnimationView.swift in Sources */ = {isa = PBXBuildFile; fileRef = C33B79F31D617F9200452E0B /* AnimationView.swift */; };
		C33B79F61D654F3A00452E0B /* CalendarHeaderView.swift in Sources */ = {isa = PBXBuildFile; fileRef = C33B79F51D654F3A00452E0B /* CalendarHeaderView.swift */; };
		C35A878F1D77FAAB00ADA84A /* InteractiveCalendarViewController.swift in Sources */ = {isa = PBXBuildFile; fileRef = C35A878E1D77FAAB00ADA84A /* InteractiveCalendarViewController.swift */; };
		C37AB2E61D66316300A76458 /* HistoryTaskTableViewCell.swift in Sources */ = {isa = PBXBuildFile; fileRef = C37AB2E51D66316300A76458 /* HistoryTaskTableViewCell.swift */; };
		C37AB2E81D66AFAB00A76458 /* DaysLeftView.swift in Sources */ = {isa = PBXBuildFile; fileRef = C37AB2E71D66AFAB00A76458 /* DaysLeftView.swift */; };
		C37AB2EA1D6ABA4600A76458 /* AchievmentsViewController.swift in Sources */ = {isa = PBXBuildFile; fileRef = C37AB2E91D6ABA4600A76458 /* AchievmentsViewController.swift */; };
		C37AB2EC1D6ABEF400A76458 /* TaskInfoViewController.swift in Sources */ = {isa = PBXBuildFile; fileRef = C37AB2EB1D6ABEF400A76458 /* TaskInfoViewController.swift */; };
		C37AB2EE1D6C0B6000A76458 /* GlobalExtensionFunctions.swift in Sources */ = {isa = PBXBuildFile; fileRef = C37AB2ED1D6C0B6000A76458 /* GlobalExtensionFunctions.swift */; };
		C3C389CC1D5C389D000540CD /* Task.swift in Sources */ = {isa = PBXBuildFile; fileRef = C3C389C81D5C389D000540CD /* Task.swift */; };
		C3C389CD1D5C389D000540CD /* Date+CoreDataProperties.swift in Sources */ = {isa = PBXBuildFile; fileRef = C3C389C91D5C389D000540CD /* Date+CoreDataProperties.swift */; };
		C3C389CE1D5C389D000540CD /* Date.swift in Sources */ = {isa = PBXBuildFile; fileRef = C3C389CA1D5C389D000540CD /* Date.swift */; };
		C3C389D01D5C38E7000540CD /* CalendarViewController.swift in Sources */ = {isa = PBXBuildFile; fileRef = C3C389CF1D5C38E7000540CD /* CalendarViewController.swift */; };
		C3C389D21D5C38FE000540CD /* CalendarDayCellView.swift in Sources */ = {isa = PBXBuildFile; fileRef = C3C389D11D5C38FE000540CD /* CalendarDayCellView.swift */; };
		C3C389D41D5C3908000540CD /* AnimationClass.swift in Sources */ = {isa = PBXBuildFile; fileRef = C3C389D31D5C3908000540CD /* AnimationClass.swift */; };
		C3C389D81D5C39FC000540CD /* TaskTableViewCell.swift in Sources */ = {isa = PBXBuildFile; fileRef = C3C389D71D5C39FC000540CD /* TaskTableViewCell.swift */; };
		C3C38A011D5D20A4000540CD /* Images.xcassets in Resources */ = {isa = PBXBuildFile; fileRef = C3C38A001D5D20A4000540CD /* Images.xcassets */; };
		C3C38A031D5D2268000540CD /* CalendarDayCellView.xib in Resources */ = {isa = PBXBuildFile; fileRef = C3C38A021D5D2268000540CD /* CalendarDayCellView.xib */; };
		C3C38A051D5F93DA000540CD /* Task+CoreDataProperties.swift in Sources */ = {isa = PBXBuildFile; fileRef = C3C38A041D5F93DA000540CD /* Task+CoreDataProperties.swift */; };
		C3C38A071D5F9B6A000540CD /* TaskHistoryTableViewController.swift in Sources */ = {isa = PBXBuildFile; fileRef = C3C38A061D5F9B6A000540CD /* TaskHistoryTableViewController.swift */; };
		C3C38A0D1D5FD5AC000540CD /* CheckMarkView.swift in Sources */ = {isa = PBXBuildFile; fileRef = C3C38A0C1D5FD5AC000540CD /* CheckMarkView.swift */; };
		C3C38A0F1D612593000540CD /* CreateNewTaskViewController.swift in Sources */ = {isa = PBXBuildFile; fileRef = C3C38A0E1D612593000540CD /* CreateNewTaskViewController.swift */; };
		C3E6FD2D1D5C34D0003EE9AA /* AppDelegate.swift in Sources */ = {isa = PBXBuildFile; fileRef = C3E6FD2C1D5C34D0003EE9AA /* AppDelegate.swift */; };
		C3E6FD2F1D5C34D0003EE9AA /* TaskListViewController.swift in Sources */ = {isa = PBXBuildFile; fileRef = C3E6FD2E1D5C34D0003EE9AA /* TaskListViewController.swift */; };
		C3E6FD321D5C34D0003EE9AA /* Main.storyboard in Resources */ = {isa = PBXBuildFile; fileRef = C3E6FD301D5C34D0003EE9AA /* Main.storyboard */; };
		C3E6FD351D5C34D0003EE9AA /* TDC.xcdatamodeld in Sources */ = {isa = PBXBuildFile; fileRef = C3E6FD331D5C34D0003EE9AA /* TDC.xcdatamodeld */; };
		C3E6FD371D5C34D0003EE9AA /* Assets.xcassets in Resources */ = {isa = PBXBuildFile; fileRef = C3E6FD361D5C34D0003EE9AA /* Assets.xcassets */; };
		C3E6FD3A1D5C34D0003EE9AA /* LaunchScreen.storyboard in Resources */ = {isa = PBXBuildFile; fileRef = C3E6FD381D5C34D0003EE9AA /* LaunchScreen.storyboard */; };
/* End PBXBuildFile section */

/* Begin PBXFileReference section */
		7EFDE80ED7B6832B9107995F /* Pods-TDC.debug.xcconfig */ = {isa = PBXFileReference; includeInIndex = 1; lastKnownFileType = text.xcconfig; name = "Pods-TDC.debug.xcconfig"; path = "Pods/Target Support Files/Pods-TDC/Pods-TDC.debug.xcconfig"; sourceTree = "<group>"; };
		C33B79F31D617F9200452E0B /* AnimationView.swift */ = {isa = PBXFileReference; fileEncoding = 4; lastKnownFileType = sourcecode.swift; path = AnimationView.swift; sourceTree = "<group>"; };
		C33B79F51D654F3A00452E0B /* CalendarHeaderView.swift */ = {isa = PBXFileReference; fileEncoding = 4; lastKnownFileType = sourcecode.swift; path = CalendarHeaderView.swift; sourceTree = "<group>"; };
		C35A878E1D77FAAB00ADA84A /* InteractiveCalendarViewController.swift */ = {isa = PBXFileReference; fileEncoding = 4; lastKnownFileType = sourcecode.swift; path = InteractiveCalendarViewController.swift; sourceTree = "<group>"; };
		C37AB2E51D66316300A76458 /* HistoryTaskTableViewCell.swift */ = {isa = PBXFileReference; fileEncoding = 4; lastKnownFileType = sourcecode.swift; path = HistoryTaskTableViewCell.swift; sourceTree = "<group>"; };
		C37AB2E71D66AFAB00A76458 /* DaysLeftView.swift */ = {isa = PBXFileReference; fileEncoding = 4; lastKnownFileType = sourcecode.swift; path = DaysLeftView.swift; sourceTree = "<group>"; };
		C37AB2E91D6ABA4600A76458 /* AchievmentsViewController.swift */ = {isa = PBXFileReference; fileEncoding = 4; lastKnownFileType = sourcecode.swift; path = AchievmentsViewController.swift; sourceTree = "<group>"; };
		C37AB2EB1D6ABEF400A76458 /* TaskInfoViewController.swift */ = {isa = PBXFileReference; fileEncoding = 4; lastKnownFileType = sourcecode.swift; path = TaskInfoViewController.swift; sourceTree = "<group>"; };
		C37AB2ED1D6C0B6000A76458 /* GlobalExtensionFunctions.swift */ = {isa = PBXFileReference; fileEncoding = 4; lastKnownFileType = sourcecode.swift; path = GlobalExtensionFunctions.swift; sourceTree = "<group>"; };
		C3C389C81D5C389D000540CD /* Task.swift */ = {isa = PBXFileReference; fileEncoding = 4; lastKnownFileType = sourcecode.swift; path = Task.swift; sourceTree = "<group>"; };
		C3C389C91D5C389D000540CD /* Date+CoreDataProperties.swift */ = {isa = PBXFileReference; fileEncoding = 4; lastKnownFileType = sourcecode.swift; path = "Date+CoreDataProperties.swift"; sourceTree = "<group>"; };
		C3C389CA1D5C389D000540CD /* Date.swift */ = {isa = PBXFileReference; fileEncoding = 4; lastKnownFileType = sourcecode.swift; path = Date.swift; sourceTree = "<group>"; };
		C3C389CF1D5C38E7000540CD /* CalendarViewController.swift */ = {isa = PBXFileReference; fileEncoding = 4; lastKnownFileType = sourcecode.swift; path = CalendarViewController.swift; sourceTree = "<group>"; };
		C3C389D11D5C38FE000540CD /* CalendarDayCellView.swift */ = {isa = PBXFileReference; fileEncoding = 4; lastKnownFileType = sourcecode.swift; path = CalendarDayCellView.swift; sourceTree = "<group>"; };
		C3C389D31D5C3908000540CD /* AnimationClass.swift */ = {isa = PBXFileReference; fileEncoding = 4; lastKnownFileType = sourcecode.swift; path = AnimationClass.swift; sourceTree = "<group>"; };
		C3C389D71D5C39FC000540CD /* TaskTableViewCell.swift */ = {isa = PBXFileReference; fileEncoding = 4; lastKnownFileType = sourcecode.swift; path = TaskTableViewCell.swift; sourceTree = "<group>"; };
		C3C38A001D5D20A4000540CD /* Images.xcassets */ = {isa = PBXFileReference; lastKnownFileType = folder.assetcatalog; path = Images.xcassets; sourceTree = "<group>"; };
		C3C38A021D5D2268000540CD /* CalendarDayCellView.xib */ = {isa = PBXFileReference; fileEncoding = 4; lastKnownFileType = file.xib; path = CalendarDayCellView.xib; sourceTree = "<group>"; };
		C3C38A041D5F93DA000540CD /* Task+CoreDataProperties.swift */ = {isa = PBXFileReference; fileEncoding = 4; lastKnownFileType = sourcecode.swift; path = "Task+CoreDataProperties.swift"; sourceTree = "<group>"; };
		C3C38A061D5F9B6A000540CD /* TaskHistoryTableViewController.swift */ = {isa = PBXFileReference; fileEncoding = 4; lastKnownFileType = sourcecode.swift; path = TaskHistoryTableViewController.swift; sourceTree = "<group>"; };
		C3C38A0C1D5FD5AC000540CD /* CheckMarkView.swift */ = {isa = PBXFileReference; fileEncoding = 4; lastKnownFileType = sourcecode.swift; path = CheckMarkView.swift; sourceTree = "<group>"; };
		C3C38A0E1D612593000540CD /* CreateNewTaskViewController.swift */ = {isa = PBXFileReference; fileEncoding = 4; lastKnownFileType = sourcecode.swift; path = CreateNewTaskViewController.swift; sourceTree = "<group>"; };
		C3E6FD291D5C34D0003EE9AA /* TDC.app */ = {isa = PBXFileReference; explicitFileType = wrapper.application; includeInIndex = 0; path = TDC.app; sourceTree = BUILT_PRODUCTS_DIR; };
		C3E6FD2C1D5C34D0003EE9AA /* AppDelegate.swift */ = {isa = PBXFileReference; lastKnownFileType = sourcecode.swift; path = AppDelegate.swift; sourceTree = "<group>"; };
		C3E6FD2E1D5C34D0003EE9AA /* TaskListViewController.swift */ = {isa = PBXFileReference; lastKnownFileType = sourcecode.swift; path = TaskListViewController.swift; sourceTree = "<group>"; };
		C3E6FD311D5C34D0003EE9AA /* Base */ = {isa = PBXFileReference; lastKnownFileType = file.storyboard; name = Base; path = Base.lproj/Main.storyboard; sourceTree = "<group>"; };
		C3E6FD341D5C34D0003EE9AA /* TDC.xcdatamodel */ = {isa = PBXFileReference; lastKnownFileType = wrapper.xcdatamodel; path = TDC.xcdatamodel; sourceTree = "<group>"; };
		C3E6FD361D5C34D0003EE9AA /* Assets.xcassets */ = {isa = PBXFileReference; lastKnownFileType = folder.assetcatalog; path = Assets.xcassets; sourceTree = "<group>"; };
		C3E6FD391D5C34D0003EE9AA /* Base */ = {isa = PBXFileReference; lastKnownFileType = file.storyboard; name = Base; path = Base.lproj/LaunchScreen.storyboard; sourceTree = "<group>"; };
		C3E6FD3B1D5C34D0003EE9AA /* Info.plist */ = {isa = PBXFileReference; lastKnownFileType = text.plist.xml; path = Info.plist; sourceTree = "<group>"; };
		CE9F885E76E5EE368AE10126 /* Pods_TDC.framework */ = {isa = PBXFileReference; explicitFileType = wrapper.framework; includeInIndex = 0; path = Pods_TDC.framework; sourceTree = BUILT_PRODUCTS_DIR; };
		D1991F246573930F65A98649 /* Pods-TDC.release.xcconfig */ = {isa = PBXFileReference; includeInIndex = 1; lastKnownFileType = text.xcconfig; name = "Pods-TDC.release.xcconfig"; path = "Pods/Target Support Files/Pods-TDC/Pods-TDC.release.xcconfig"; sourceTree = "<group>"; };
/* End PBXFileReference section */

/* Begin PBXFrameworksBuildPhase section */
		C3E6FD261D5C34D0003EE9AA /* Frameworks */ = {
			isa = PBXFrameworksBuildPhase;
			buildActionMask = 2147483647;
			files = (
				737D15419C9BBF6036AE48C1 /* Pods_TDC.framework in Frameworks */,
			);
			runOnlyForDeploymentPostprocessing = 0;
		};
/* End PBXFrameworksBuildPhase section */

/* Begin PBXGroup section */
		0DF76988935C80E5984E2AB7 /* Pods */ = {
			isa = PBXGroup;
			children = (
				7EFDE80ED7B6832B9107995F /* Pods-TDC.debug.xcconfig */,
				D1991F246573930F65A98649 /* Pods-TDC.release.xcconfig */,
			);
			name = Pods;
			sourceTree = "<group>";
		};
		37F9D04BDE6549BA65156F22 /* Frameworks */ = {
			isa = PBXGroup;
			children = (
				CE9F885E76E5EE368AE10126 /* Pods_TDC.framework */,
			);
			name = Frameworks;
			sourceTree = "<group>";
		};
		C3E6FD201D5C34D0003EE9AA = {
			isa = PBXGroup;
			children = (
				C3E6FD2B1D5C34D0003EE9AA /* TDC */,
				C3E6FD2A1D5C34D0003EE9AA /* Products */,
				0DF76988935C80E5984E2AB7 /* Pods */,
				37F9D04BDE6549BA65156F22 /* Frameworks */,
			);
			sourceTree = "<group>";
		};
		C3E6FD2A1D5C34D0003EE9AA /* Products */ = {
			isa = PBXGroup;
			children = (
				C3E6FD291D5C34D0003EE9AA /* TDC.app */,
			);
			name = Products;
			sourceTree = "<group>";
		};
		C3E6FD2B1D5C34D0003EE9AA /* TDC */ = {
			isa = PBXGroup;
			children = (
				C3C38A041D5F93DA000540CD /* Task+CoreDataProperties.swift */,
				C3E6FD2E1D5C34D0003EE9AA /* TaskListViewController.swift */,
				C3C38A0E1D612593000540CD /* CreateNewTaskViewController.swift */,
				C3C38A0C1D5FD5AC000540CD /* CheckMarkView.swift */,
				C3C38A061D5F9B6A000540CD /* TaskHistoryTableViewController.swift */,
				C3C389D71D5C39FC000540CD /* TaskTableViewCell.swift */,
				C3C389C81D5C389D000540CD /* Task.swift */,
				C3C389CF1D5C38E7000540CD /* CalendarViewController.swift */,
				C35A878E1D77FAAB00ADA84A /* InteractiveCalendarViewController.swift */,
				C3C389D11D5C38FE000540CD /* CalendarDayCellView.swift */,
				C33B79F31D617F9200452E0B /* AnimationView.swift */,
				C3C389D31D5C3908000540CD /* AnimationClass.swift */,
				C3C389C91D5C389D000540CD /* Date+CoreDataProperties.swift */,
				C3C389CA1D5C389D000540CD /* Date.swift */,
				C3E6FD411D5C34E1003EE9AA /* Supporting Files */,
				C3E6FD301D5C34D0003EE9AA /* Main.storyboard */,
				C37AB2E91D6ABA4600A76458 /* AchievmentsViewController.swift */,
				C37AB2EB1D6ABEF400A76458 /* TaskInfoViewController.swift */,
				C37AB2E51D66316300A76458 /* HistoryTaskTableViewCell.swift */,
				C33B79F51D654F3A00452E0B /* CalendarHeaderView.swift */,
				C37AB2ED1D6C0B6000A76458 /* GlobalExtensionFunctions.swift */,
				C37AB2E71D66AFAB00A76458 /* DaysLeftView.swift */,
				C3C38A021D5D2268000540CD /* CalendarDayCellView.xib */,
				C3E6FD331D5C34D0003EE9AA /* TDC.xcdatamodeld */,
			);
			path = TDC;
			sourceTree = "<group>";
		};
		C3E6FD411D5C34E1003EE9AA /* Supporting Files */ = {
			isa = PBXGroup;
			children = (
				C3C38A001D5D20A4000540CD /* Images.xcassets */,
				C3E6FD2C1D5C34D0003EE9AA /* AppDelegate.swift */,
				C3E6FD361D5C34D0003EE9AA /* Assets.xcassets */,
				C3E6FD381D5C34D0003EE9AA /* LaunchScreen.storyboard */,
				C3E6FD3B1D5C34D0003EE9AA /* Info.plist */,
			);
			name = "Supporting Files";
			sourceTree = "<group>";
		};
/* End PBXGroup section */

/* Begin PBXNativeTarget section */
		C3E6FD281D5C34D0003EE9AA /* TDC */ = {
			isa = PBXNativeTarget;
			buildConfigurationList = C3E6FD3E1D5C34D0003EE9AA /* Build configuration list for PBXNativeTarget "TDC" */;
			buildPhases = (
				936D62207A83A3CF1F45D4B3 /* [CP] Check Pods Manifest.lock */,
				C3E6FD251D5C34D0003EE9AA /* Sources */,
				C3E6FD261D5C34D0003EE9AA /* Frameworks */,
				C3E6FD271D5C34D0003EE9AA /* Resources */,
				45702D47408EAA84C51F5789 /* [CP] Embed Pods Frameworks */,
				E6D319B280E244045EE09DB2 /* [CP] Copy Pods Resources */,
			);
			buildRules = (
			);
			dependencies = (
			);
			name = TDC;
			productName = TDC;
			productReference = C3E6FD291D5C34D0003EE9AA /* TDC.app */;
			productType = "com.apple.product-type.application";
		};
/* End PBXNativeTarget section */

/* Begin PBXProject section */
		C3E6FD211D5C34D0003EE9AA /* Project object */ = {
			isa = PBXProject;
			attributes = {
				LastSwiftUpdateCheck = 0730;
				LastUpgradeCheck = 0730;
				ORGANIZATIONNAME = "Wilson Yan";
				TargetAttributes = {
					C3E6FD281D5C34D0003EE9AA = {
						CreatedOnToolsVersion = 7.3.1;
					};
				};
			};
			buildConfigurationList = C3E6FD241D5C34D0003EE9AA /* Build configuration list for PBXProject "TDC" */;
			compatibilityVersion = "Xcode 3.2";
			developmentRegion = English;
			hasScannedForEncodings = 0;
			knownRegions = (
				en,
				Base,
			);
			mainGroup = C3E6FD201D5C34D0003EE9AA;
			productRefGroup = C3E6FD2A1D5C34D0003EE9AA /* Products */;
			projectDirPath = "";
			projectRoot = "";
			targets = (
				C3E6FD281D5C34D0003EE9AA /* TDC */,
			);
		};
/* End PBXProject section */

/* Begin PBXResourcesBuildPhase section */
		C3E6FD271D5C34D0003EE9AA /* Resources */ = {
			isa = PBXResourcesBuildPhase;
			buildActionMask = 2147483647;
			files = (
				C3C38A031D5D2268000540CD /* CalendarDayCellView.xib in Resources */,
				C3E6FD3A1D5C34D0003EE9AA /* LaunchScreen.storyboard in Resources */,
				C3C38A011D5D20A4000540CD /* Images.xcassets in Resources */,
				C3E6FD371D5C34D0003EE9AA /* Assets.xcassets in Resources */,
				C3E6FD321D5C34D0003EE9AA /* Main.storyboard in Resources */,
			);
			runOnlyForDeploymentPostprocessing = 0;
		};
/* End PBXResourcesBuildPhase section */

/* Begin PBXShellScriptBuildPhase section */
		45702D47408EAA84C51F5789 /* [CP] Embed Pods Frameworks */ = {
			isa = PBXShellScriptBuildPhase;
			buildActionMask = 2147483647;
			files = (
			);
			inputPaths = (
			);
			name = "[CP] Embed Pods Frameworks";
			outputPaths = (
			);
			runOnlyForDeploymentPostprocessing = 0;
			shellPath = /bin/sh;
			shellScript = "\"${SRCROOT}/Pods/Target Support Files/Pods-TDC/Pods-TDC-frameworks.sh\"\n";
			showEnvVarsInLog = 0;
		};
		936D62207A83A3CF1F45D4B3 /* [CP] Check Pods Manifest.lock */ = {
			isa = PBXShellScriptBuildPhase;
			buildActionMask = 2147483647;
			files = (
			);
			inputPaths = (
			);
			name = "[CP] Check Pods Manifest.lock";
			outputPaths = (
			);
			runOnlyForDeploymentPostprocessing = 0;
			shellPath = /bin/sh;
			shellScript = "diff \"${PODS_ROOT}/../Podfile.lock\" \"${PODS_ROOT}/Manifest.lock\" > /dev/null\nif [[ $? != 0 ]] ; then\n    cat << EOM\nerror: The sandbox is not in sync with the Podfile.lock. Run 'pod install' or update your CocoaPods installation.\nEOM\n    exit 1\nfi\n";
			showEnvVarsInLog = 0;
		};
		E6D319B280E244045EE09DB2 /* [CP] Copy Pods Resources */ = {
			isa = PBXShellScriptBuildPhase;
			buildActionMask = 2147483647;
			files = (
			);
			inputPaths = (
			);
			name = "[CP] Copy Pods Resources";
			outputPaths = (
			);
			runOnlyForDeploymentPostprocessing = 0;
			shellPath = /bin/sh;
			shellScript = "\"${SRCROOT}/Pods/Target Support Files/Pods-TDC/Pods-TDC-resources.sh\"\n";
			showEnvVarsInLog = 0;
		};
/* End PBXShellScriptBuildPhase section */

/* Begin PBXSourcesBuildPhase section */
		C3E6FD251D5C34D0003EE9AA /* Sources */ = {
			isa = PBXSourcesBuildPhase;
			buildActionMask = 2147483647;
			files = (
				C3C389D01D5C38E7000540CD /* CalendarViewController.swift in Sources */,
				C37AB2EC1D6ABEF400A76458 /* TaskInfoViewController.swift in Sources */,
				C33B79F61D654F3A00452E0B /* CalendarHeaderView.swift in Sources */,
				C35A878F1D77FAAB00ADA84A /* InteractiveCalendarViewController.swift in Sources */,
				C37AB2EE1D6C0B6000A76458 /* GlobalExtensionFunctions.swift in Sources */,
				C3E6FD351D5C34D0003EE9AA /* TDC.xcdatamodeld in Sources */,
				C3C38A0F1D612593000540CD /* CreateNewTaskViewController.swift in Sources */,
				C37AB2E81D66AFAB00A76458 /* DaysLeftView.swift in Sources */,
				C3C389D81D5C39FC000540CD /* TaskTableViewCell.swift in Sources */,
				C3E6FD2F1D5C34D0003EE9AA /* TaskListViewController.swift in Sources */,
				C3C38A051D5F93DA000540CD /* Task+CoreDataProperties.swift in Sources */,
				C33B79F41D617F9200452E0B /* AnimationView.swift in Sources */,
				C3C389D41D5C3908000540CD /* AnimationClass.swift in Sources */,
				C3C38A0D1D5FD5AC000540CD /* CheckMarkView.swift in Sources */,
				C3C389CE1D5C389D000540CD /* Date.swift in Sources */,
				C3C389CC1D5C389D000540CD /* Task.swift in Sources */,
				C3E6FD2D1D5C34D0003EE9AA /* AppDelegate.swift in Sources */,
				C3C389CD1D5C389D000540CD /* Date+CoreDataProperties.swift in Sources */,
				C3C389D21D5C38FE000540CD /* CalendarDayCellView.swift in Sources */,
				C37AB2E61D66316300A76458 /* HistoryTaskTableViewCell.swift in Sources */,
				C37AB2EA1D6ABA4600A76458 /* AchievmentsViewController.swift in Sources */,
				C3C38A071D5F9B6A000540CD /* TaskHistoryTableViewController.swift in Sources */,
			);
			runOnlyForDeploymentPostprocessing = 0;
		};
/* End PBXSourcesBuildPhase section */

/* Begin PBXVariantGroup section */
		C3E6FD301D5C34D0003EE9AA /* Main.storyboard */ = {
			isa = PBXVariantGroup;
			children = (
				C3E6FD311D5C34D0003EE9AA /* Base */,
			);
			name = Main.storyboard;
			sourceTree = "<group>";
		};
		C3E6FD381D5C34D0003EE9AA /* LaunchScreen.storyboard */ = {
			isa = PBXVariantGroup;
			children = (
				C3E6FD391D5C34D0003EE9AA /* Base */,
			);
			name = LaunchScreen.storyboard;
			sourceTree = "<group>";
		};
/* End PBXVariantGroup section */

/* Begin XCBuildConfiguration section */
		C3E6FD3C1D5C34D0003EE9AA /* Debug */ = {
			isa = XCBuildConfiguration;
			buildSettings = {
				ALWAYS_SEARCH_USER_PATHS = NO;
				CLANG_ANALYZER_NONNULL = YES;
				CLANG_CXX_LANGUAGE_STANDARD = "gnu++0x";
				CLANG_CXX_LIBRARY = "libc++";
				CLANG_ENABLE_MODULES = YES;
				CLANG_ENABLE_OBJC_ARC = YES;
				CLANG_WARN_BOOL_CONVERSION = YES;
				CLANG_WARN_CONSTANT_CONVERSION = YES;
				CLANG_WARN_DIRECT_OBJC_ISA_USAGE = YES_ERROR;
				CLANG_WARN_EMPTY_BODY = YES;
				CLANG_WARN_ENUM_CONVERSION = YES;
				CLANG_WARN_INT_CONVERSION = YES;
				CLANG_WARN_OBJC_ROOT_CLASS = YES_ERROR;
				CLANG_WARN_UNREACHABLE_CODE = YES;
				CLANG_WARN__DUPLICATE_METHOD_MATCH = YES;
				"CODE_SIGN_IDENTITY[sdk=iphoneos*]" = "iPhone Developer";
				COPY_PHASE_STRIP = NO;
				DEBUG_INFORMATION_FORMAT = dwarf;
				ENABLE_STRICT_OBJC_MSGSEND = YES;
				ENABLE_TESTABILITY = YES;
				GCC_C_LANGUAGE_STANDARD = gnu99;
				GCC_DYNAMIC_NO_PIC = NO;
				GCC_NO_COMMON_BLOCKS = YES;
				GCC_OPTIMIZATION_LEVEL = 0;
				GCC_PREPROCESSOR_DEFINITIONS = (
					"DEBUG=1",
					"$(inherited)",
				);
				GCC_WARN_64_TO_32_BIT_CONVERSION = YES;
				GCC_WARN_ABOUT_RETURN_TYPE = YES_ERROR;
				GCC_WARN_UNDECLARED_SELECTOR = YES;
				GCC_WARN_UNINITIALIZED_AUTOS = YES_AGGRESSIVE;
				GCC_WARN_UNUSED_FUNCTION = YES;
				GCC_WARN_UNUSED_VARIABLE = YES;
				IPHONEOS_DEPLOYMENT_TARGET = 9.3;
				MTL_ENABLE_DEBUG_INFO = YES;
				ONLY_ACTIVE_ARCH = YES;
				SDKROOT = iphoneos;
				SWIFT_OPTIMIZATION_LEVEL = "-Onone";
				TARGETED_DEVICE_FAMILY = "1,2";
			};
			name = Debug;
		};
		C3E6FD3D1D5C34D0003EE9AA /* Release */ = {
			isa = XCBuildConfiguration;
			buildSettings = {
				ALWAYS_SEARCH_USER_PATHS = NO;
				CLANG_ANALYZER_NONNULL = YES;
				CLANG_CXX_LANGUAGE_STANDARD = "gnu++0x";
				CLANG_CXX_LIBRARY = "libc++";
				CLANG_ENABLE_MODULES = YES;
				CLANG_ENABLE_OBJC_ARC = YES;
				CLANG_WARN_BOOL_CONVERSION = YES;
				CLANG_WARN_CONSTANT_CONVERSION = YES;
				CLANG_WARN_DIRECT_OBJC_ISA_USAGE = YES_ERROR;
				CLANG_WARN_EMPTY_BODY = YES;
				CLANG_WARN_ENUM_CONVERSION = YES;
				CLANG_WARN_INT_CONVERSION = YES;
				CLANG_WARN_OBJC_ROOT_CLASS = YES_ERROR;
				CLANG_WARN_UNREACHABLE_CODE = YES;
				CLANG_WARN__DUPLICATE_METHOD_MATCH = YES;
				"CODE_SIGN_IDENTITY[sdk=iphoneos*]" = "iPhone Developer";
				COPY_PHASE_STRIP = NO;
				DEBUG_INFORMATION_FORMAT = "dwarf-with-dsym";
				ENABLE_NS_ASSERTIONS = NO;
				ENABLE_STRICT_OBJC_MSGSEND = YES;
				GCC_C_LANGUAGE_STANDARD = gnu99;
				GCC_NO_COMMON_BLOCKS = YES;
				GCC_WARN_64_TO_32_BIT_CONVERSION = YES;
				GCC_WARN_ABOUT_RETURN_TYPE = YES_ERROR;
				GCC_WARN_UNDECLARED_SELECTOR = YES;
				GCC_WARN_UNINITIALIZED_AUTOS = YES_AGGRESSIVE;
				GCC_WARN_UNUSED_FUNCTION = YES;
				GCC_WARN_UNUSED_VARIABLE = YES;
				IPHONEOS_DEPLOYMENT_TARGET = 9.3;
				MTL_ENABLE_DEBUG_INFO = NO;
				SDKROOT = iphoneos;
				TARGETED_DEVICE_FAMILY = "1,2";
				VALIDATE_PRODUCT = YES;
			};
			name = Release;
		};
		C3E6FD3F1D5C34D0003EE9AA /* Debug */ = {
			isa = XCBuildConfiguration;
			baseConfigurationReference = 7EFDE80ED7B6832B9107995F /* Pods-TDC.debug.xcconfig */;
			buildSettings = {
				ASSETCATALOG_COMPILER_APPICON_NAME = AppIcon;
				INFOPLIST_FILE = TDC/Info.plist;
				LD_RUNPATH_SEARCH_PATHS = "$(inherited) @executable_path/Frameworks";
				PRODUCT_BUNDLE_IDENTIFIER = com.berkeley.wilson.TDC;
				PRODUCT_NAME = "$(TARGET_NAME)";
				TARGETED_DEVICE_FAMILY = "1,2";
			};
			name = Debug;
		};
		C3E6FD401D5C34D0003EE9AA /* Release */ = {
			isa = XCBuildConfiguration;
			baseConfigurationReference = D1991F246573930F65A98649 /* Pods-TDC.release.xcconfig */;
			buildSettings = {
				ASSETCATALOG_COMPILER_APPICON_NAME = AppIcon;
				INFOPLIST_FILE = TDC/Info.plist;
				LD_RUNPATH_SEARCH_PATHS = "$(inherited) @executable_path/Frameworks";
				PRODUCT_BUNDLE_IDENTIFIER = com.berkeley.wilson.TDC;
				PRODUCT_NAME = "$(TARGET_NAME)";
				TARGETED_DEVICE_FAMILY = "1,2";
			};
			name = Release;
		};
/* End XCBuildConfiguration section */

/* Begin XCConfigurationList section */
		C3E6FD241D5C34D0003EE9AA /* Build configuration list for PBXProject "TDC" */ = {
			isa = XCConfigurationList;
			buildConfigurations = (
				C3E6FD3C1D5C34D0003EE9AA /* Debug */,
				C3E6FD3D1D5C34D0003EE9AA /* Release */,
			);
			defaultConfigurationIsVisible = 0;
			defaultConfigurationName = Release;
		};
		C3E6FD3E1D5C34D0003EE9AA /* Build configuration list for PBXNativeTarget "TDC" */ = {
			isa = XCConfigurationList;
			buildConfigurations = (
				C3E6FD3F1D5C34D0003EE9AA /* Debug */,
				C3E6FD401D5C34D0003EE9AA /* Release */,
			);
			defaultConfigurationIsVisible = 0;
			defaultConfigurationName = Release;
		};
/* End XCConfigurationList section */

/* Begin XCVersionGroup section */
		C3E6FD331D5C34D0003EE9AA /* TDC.xcdatamodeld */ = {
			isa = XCVersionGroup;
			children = (
				C3E6FD341D5C34D0003EE9AA /* TDC.xcdatamodel */,
			);
			currentVersion = C3E6FD341D5C34D0003EE9AA /* TDC.xcdatamodel */;
			path = TDC.xcdatamodeld;
			sourceTree = "<group>";
			versionGroupType = wrapper.xcdatamodel;
		};
/* End XCVersionGroup section */
	};
	rootObject = C3E6FD211D5C34D0003EE9AA /* Project object */;
}
